
Microsoft Visual Studio Solution File, Format Version 12.00
# Visual Studio 15
VisualStudioVersion = 15.0.28307.168
MinimumVisualStudioVersion = 10.0.40219.1
Project("{FAE04EC0-301F-11D3-BF4B-00C04F79EFBC}") = "Install_Nitrox", "Install_Nitrox\Install_Nitrox.csproj", "{20104317-F6E2-420B-9D9B-4EF4C9AA0C6D}"
EndProject
Global
	GlobalSection(SolutionConfigurationPlatforms) = preSolution
		Debug|Any CPU = Debug|Any CPU
		Release|Any CPU = Release|Any CPU
	EndGlobalSection
	GlobalSection(ProjectConfigurationPlatforms) = postSolution
		{20104317-F6E2-420B-9D9B-4EF4C9AA0C6D}.Debug|Any CPU.ActiveCfg = Debug|Any CPU
		{20104317-F6E2-420B-9D9B-4EF4C9AA0C6D}.Debug|Any CPU.Build.0 = Debug|Any CPU
		{20104317-F6E2-420B-9D9B-4EF4C9AA0C6D}.Release|Any CPU.ActiveCfg = Release|Any CPU
		{20104317-F6E2-420B-9D9B-4EF4C9AA0C6D}.Release|Any CPU.Build.0 = Release|Any CPU
	EndGlobalSection
	GlobalSection(SolutionProperties) = preSolution
		HideSolutionNode = FALSE
	EndGlobalSection
	GlobalSection(ExtensibilityGlobals) = postSolution
		SolutionGuid = {D80E6D49-5798-46F9-9234-D116D3CCAEC8}
	EndGlobalSection
EndGlobal
